
Microsoft Visual Studio Solution File, Format Version 12.00
# Visual Studio Version 17
VisualStudioVersion = 17.5.33414.496
MinimumVisualStudioVersion = 10.0.40219.1
Project("{FAE04EC0-301F-11D3-BF4B-00C04F79EFBC}") = "Assembly-CSharp", "Assembly-CSharp.csproj", "{CAF22054-FF9D-E80E-9C4A-B63617A948A6}"
EndProject
Project("{FAE04EC0-301F-11D3-BF4B-00C04F79EFBC}") = "Assembly-CSharp-Editor", "Assembly-CSharp-Editor.csproj", "{E039B961-2F18-4060-53BB-AFA6149802D1}"
EndProject
Global
	GlobalSection(SolutionConfigurationPlatforms) = preSolution
		Debug|Any CPU = Debug|Any CPU
		Release|Any CPU = Release|Any CPU
	EndGlobalSection
	GlobalSection(ProjectConfigurationPlatforms) = postSolution
		{CAF22054-FF9D-E80E-9C4A-B63617A948A6}.Debug|Any CPU.ActiveCfg = Debug|Any CPU
		{CAF22054-FF9D-E80E-9C4A-B63617A948A6}.Debug|Any CPU.Build.0 = Debug|Any CPU
		{CAF22054-FF9D-E80E-9C4A-B63617A948A6}.Release|Any CPU.ActiveCfg = Release|Any CPU
		{CAF22054-FF9D-E80E-9C4A-B63617A948A6}.Release|Any CPU.Build.0 = Release|Any CPU
		{E039B961-2F18-4060-53BB-AFA6149802D1}.Debug|Any CPU.ActiveCfg = Debug|Any CPU
		{E039B961-2F18-4060-53BB-AFA6149802D1}.Debug|Any CPU.Build.0 = Debug|Any CPU
		{E039B961-2F18-4060-53BB-AFA6149802D1}.Release|Any CPU.ActiveCfg = Release|Any CPU
		{E039B961-2F18-4060-53BB-AFA6149802D1}.Release|Any CPU.Build.0 = Release|Any CPU
	EndGlobalSection
	GlobalSection(SolutionProperties) = preSolution
		HideSolutionNode = FALSE
	EndGlobalSection
	GlobalSection(ExtensibilityGlobals) = postSolution
		SolutionGuid = {22769756-D0F6-4A70-9D57-E0D579299552}
	EndGlobalSection
EndGlobal
